// !$*UTF8*$!
{
	archiveVersion = 1;
	classes = {
	};
	objectVersion = 50;
	objects = {

/* Begin PBXBuildFile section */
		4869DD9625709DFB005DBE45 /* AppDelegate.swift in Sources */ = {isa = PBXBuildFile; fileRef = 4869DD9525709DFB005DBE45 /* AppDelegate.swift */; };
		4869DD9825709DFB005DBE45 /* SceneDelegate.swift in Sources */ = {isa = PBXBuildFile; fileRef = 4869DD9725709DFB005DBE45 /* SceneDelegate.swift */; };
		4869DD9A25709DFB005DBE45 /* ViewController.swift in Sources */ = {isa = PBXBuildFile; fileRef = 4869DD9925709DFB005DBE45 /* ViewController.swift */; };
		4869DD9D25709DFB005DBE45 /* Main.storyboard in Resources */ = {isa = PBXBuildFile; fileRef = 4869DD9B25709DFB005DBE45 /* Main.storyboard */; };
		4869DD9F25709DFE005DBE45 /* Assets.xcassets in Resources */ = {isa = PBXBuildFile; fileRef = 4869DD9E25709DFE005DBE45 /* Assets.xcassets */; };
		4869DDA225709DFE005DBE45 /* LaunchScreen.storyboard in Resources */ = {isa = PBXBuildFile; fileRef = 4869DDA025709DFE005DBE45 /* LaunchScreen.storyboard */; };
		4869DDAD25709DFF005DBE45 /* Let_s_Chat___By_MXLTests.swift in Sources */ = {isa = PBXBuildFile; fileRef = 4869DDAC25709DFF005DBE45 /* Let_s_Chat___By_MXLTests.swift */; };
		4869DDB825709DFF005DBE45 /* Let_s_Chat___By_MXLUITests.swift in Sources */ = {isa = PBXBuildFile; fileRef = 4869DDB725709DFF005DBE45 /* Let_s_Chat___By_MXLUITests.swift */; };
/* End PBXBuildFile section */

/* Begin PBXContainerItemProxy section */
		4869DDA925709DFF005DBE45 /* PBXContainerItemProxy */ = {
			isa = PBXContainerItemProxy;
			containerPortal = 4869DD8A25709DFB005DBE45 /* Project object */;
			proxyType = 1;
			remoteGlobalIDString = 4869DD9125709DFB005DBE45;
			remoteInfo = "Let's Chat - By MXL";
		};
		4869DDB425709DFF005DBE45 /* PBXContainerItemProxy */ = {
			isa = PBXContainerItemProxy;
			containerPortal = 4869DD8A25709DFB005DBE45 /* Project object */;
			proxyType = 1;
			remoteGlobalIDString = 4869DD9125709DFB005DBE45;
			remoteInfo = "Let's Chat - By MXL";
		};
/* End PBXContainerItemProxy section */

/* Begin PBXFileReference section */
		4869DD9225709DFB005DBE45 /* Let's Chat - By MXL.app */ = {isa = PBXFileReference; explicitFileType = wrapper.application; includeInIndex = 0; path = "Let's Chat - By MXL.app"; sourceTree = BUILT_PRODUCTS_DIR; };
		4869DD9525709DFB005DBE45 /* AppDelegate.swift */ = {isa = PBXFileReference; lastKnownFileType = sourcecode.swift; path = AppDelegate.swift; sourceTree = "<group>"; };
		4869DD9725709DFB005DBE45 /* SceneDelegate.swift */ = {isa = PBXFileReference; lastKnownFileType = sourcecode.swift; path = SceneDelegate.swift; sourceTree = "<group>"; };
		4869DD9925709DFB005DBE45 /* ViewController.swift */ = {isa = PBXFileReference; lastKnownFileType = sourcecode.swift; path = ViewController.swift; sourceTree = "<group>"; };
		4869DD9C25709DFB005DBE45 /* Base */ = {isa = PBXFileReference; lastKnownFileType = file.storyboard; name = Base; path = Base.lproj/Main.storyboard; sourceTree = "<group>"; };
		4869DD9E25709DFE005DBE45 /* Assets.xcassets */ = {isa = PBXFileReference; lastKnownFileType = folder.assetcatalog; path = Assets.xcassets; sourceTree = "<group>"; };
		4869DDA125709DFE005DBE45 /* Base */ = {isa = PBXFileReference; lastKnownFileType = file.storyboard; name = Base; path = Base.lproj/LaunchScreen.storyboard; sourceTree = "<group>"; };
		4869DDA325709DFE005DBE45 /* Info.plist */ = {isa = PBXFileReference; lastKnownFileType = text.plist.xml; path = Info.plist; sourceTree = "<group>"; };
		4869DDA825709DFF005DBE45 /* Let's Chat - By MXLTests.xctest */ = {isa = PBXFileReference; explicitFileType = wrapper.cfbundle; includeInIndex = 0; path = "Let's Chat - By MXLTests.xctest"; sourceTree = BUILT_PRODUCTS_DIR; };
		4869DDAC25709DFF005DBE45 /* Let_s_Chat___By_MXLTests.swift */ = {isa = PBXFileReference; lastKnownFileType = sourcecode.swift; path = "Let_s_Chat___By_MXLTests.swift"; sourceTree = "<group>"; };
		4869DDAE25709DFF005DBE45 /* Info.plist */ = {isa = PBXFileReference; lastKnownFileType = text.plist.xml; path = Info.plist; sourceTree = "<group>"; };
		4869DDB325709DFF005DBE45 /* Let's Chat - By MXLUITests.xctest */ = {isa = PBXFileReference; explicitFileType = wrapper.cfbundle; includeInIndex = 0; path = "Let's Chat - By MXLUITests.xctest"; sourceTree = BUILT_PRODUCTS_DIR; };
		4869DDB725709DFF005DBE45 /* Let_s_Chat___By_MXLUITests.swift */ = {isa = PBXFileReference; lastKnownFileType = sourcecode.swift; path = "Let_s_Chat___By_MXLUITests.swift"; sourceTree = "<group>"; };
		4869DDB925709DFF005DBE45 /* Info.plist */ = {isa = PBXFileReference; lastKnownFileType = text.plist.xml; path = Info.plist; sourceTree = "<group>"; };
/* End PBXFileReference section */

/* Begin PBXFrameworksBuildPhase section */
		4869DD8F25709DFB005DBE45 /* Frameworks */ = {
			isa = PBXFrameworksBuildPhase;
			buildActionMask = 2147483647;
			files = (
			);
			runOnlyForDeploymentPostprocessing = 0;
		};
		4869DDA525709DFF005DBE45 /* Frameworks */ = {
			isa = PBXFrameworksBuildPhase;
			buildActionMask = 2147483647;
			files = (
			);
			runOnlyForDeploymentPostprocessing = 0;
		};
		4869DDB025709DFF005DBE45 /* Frameworks */ = {
			isa = PBXFrameworksBuildPhase;
			buildActionMask = 2147483647;
			files = (
			);
			runOnlyForDeploymentPostprocessing = 0;
		};
/* End PBXFrameworksBuildPhase section */

/* Begin PBXGroup section */
		4869DD8925709DFB005DBE45 = {
			isa = PBXGroup;
			children = (
				4869DD9425709DFB005DBE45 /* Let's Chat - By MXL */,
				4869DDAB25709DFF005DBE45 /* Let's Chat - By MXLTests */,
				4869DDB625709DFF005DBE45 /* Let's Chat - By MXLUITests */,
				4869DD9325709DFB005DBE45 /* Products */,
			);
			sourceTree = "<group>";
		};
		4869DD9325709DFB005DBE45 /* Products */ = {
			isa = PBXGroup;
			children = (
				4869DD9225709DFB005DBE45 /* Let's Chat - By MXL.app */,
				4869DDA825709DFF005DBE45 /* Let's Chat - By MXLTests.xctest */,
				4869DDB325709DFF005DBE45 /* Let's Chat - By MXLUITests.xctest */,
			);
			name = Products;
			sourceTree = "<group>";
		};
		4869DD9425709DFB005DBE45 /* Let's Chat - By MXL */ = {
			isa = PBXGroup;
			children = (
				4869DDCA25709E3A005DBE45 /* Model */,
				4869DDC925709E34005DBE45 /* View */,
				4869DDC825709E2C005DBE45 /* Controller */,
				4869DD9525709DFB005DBE45 /* AppDelegate.swift */,
				4869DD9725709DFB005DBE45 /* SceneDelegate.swift */,
				4869DD9E25709DFE005DBE45 /* Assets.xcassets */,
				4869DDA025709DFE005DBE45 /* LaunchScreen.storyboard */,
				4869DDA325709DFE005DBE45 /* Info.plist */,
			);
			path = "Let's Chat - By MXL";
			sourceTree = "<group>";
		};
		4869DDAB25709DFF005DBE45 /* Let's Chat - By MXLTests */ = {
			isa = PBXGroup;
			children = (
				4869DDAC25709DFF005DBE45 /* Let_s_Chat___By_MXLTests.swift */,
				4869DDAE25709DFF005DBE45 /* Info.plist */,
			);
			path = "Let's Chat - By MXLTests";
			sourceTree = "<group>";
		};
		4869DDB625709DFF005DBE45 /* Let's Chat - By MXLUITests */ = {
			isa = PBXGroup;
			children = (
				4869DDB725709DFF005DBE45 /* Let_s_Chat___By_MXLUITests.swift */,
				4869DDB925709DFF005DBE45 /* Info.plist */,
			);
			path = "Let's Chat - By MXLUITests";
			sourceTree = "<group>";
		};
		4869DDC825709E2C005DBE45 /* Controller */ = {
			isa = PBXGroup;
			children = (
				4869DD9925709DFB005DBE45 /* ViewController.swift */,
			);
			path = Controller;
			sourceTree = "<group>";
		};
		4869DDC925709E34005DBE45 /* View */ = {
			isa = PBXGroup;
			children = (
				4869DD9B25709DFB005DBE45 /* Main.storyboard */,
			);
			path = View;
			sourceTree = "<group>";
		};
		4869DDCA25709E3A005DBE45 /* Model */ = {
			isa = PBXGroup;
			children = (
			);
			path = Model;
			sourceTree = "<group>";
		};
/* End PBXGroup section */

/* Begin PBXNativeTarget section */
		4869DD9125709DFB005DBE45 /* Let's Chat - By MXL */ = {
			isa = PBXNativeTarget;
			buildConfigurationList = 4869DDBC25709DFF005DBE45 /* Build configuration list for PBXNativeTarget "Let's Chat - By MXL" */;
			buildPhases = (
				4869DD8E25709DFB005DBE45 /* Sources */,
				4869DD8F25709DFB005DBE45 /* Frameworks */,
				4869DD9025709DFB005DBE45 /* Resources */,
			);
			buildRules = (
			);
			dependencies = (
			);
			name = "Let's Chat - By MXL";
			productName = "Let's Chat - By MXL";
			productReference = 4869DD9225709DFB005DBE45 /* Let's Chat - By MXL.app */;
			productType = "com.apple.product-type.application";
		};
		4869DDA725709DFF005DBE45 /* Let's Chat - By MXLTests */ = {
			isa = PBXNativeTarget;
			buildConfigurationList = 4869DDBF25709DFF005DBE45 /* Build configuration list for PBXNativeTarget "Let's Chat - By MXLTests" */;
			buildPhases = (
				4869DDA425709DFF005DBE45 /* Sources */,
				4869DDA525709DFF005DBE45 /* Frameworks */,
				4869DDA625709DFF005DBE45 /* Resources */,
			);
			buildRules = (
			);
			dependencies = (
				4869DDAA25709DFF005DBE45 /* PBXTargetDependency */,
			);
			name = "Let's Chat - By MXLTests";
			productName = "Let's Chat - By MXLTests";
			productReference = 4869DDA825709DFF005DBE45 /* Let's Chat - By MXLTests.xctest */;
			productType = "com.apple.product-type.bundle.unit-test";
		};
		4869DDB225709DFF005DBE45 /* Let's Chat - By MXLUITests */ = {
			isa = PBXNativeTarget;
			buildConfigurationList = 4869DDC225709DFF005DBE45 /* Build configuration list for PBXNativeTarget "Let's Chat - By MXLUITests" */;
			buildPhases = (
				4869DDAF25709DFF005DBE45 /* Sources */,
				4869DDB025709DFF005DBE45 /* Frameworks */,
				4869DDB125709DFF005DBE45 /* Resources */,
			);
			buildRules = (
			);
			dependencies = (
				4869DDB525709DFF005DBE45 /* PBXTargetDependency */,
			);
			name = "Let's Chat - By MXLUITests";
			productName = "Let's Chat - By MXLUITests";
			productReference = 4869DDB325709DFF005DBE45 /* Let's Chat - By MXLUITests.xctest */;
			productType = "com.apple.product-type.bundle.ui-testing";
		};
/* End PBXNativeTarget section */

/* Begin PBXProject section */
		4869DD8A25709DFB005DBE45 /* Project object */ = {
			isa = PBXProject;
			attributes = {
				LastSwiftUpdateCheck = 1220;
				LastUpgradeCheck = 1220;
				TargetAttributes = {
					4869DD9125709DFB005DBE45 = {
						CreatedOnToolsVersion = 12.2;
					};
					4869DDA725709DFF005DBE45 = {
						CreatedOnToolsVersion = 12.2;
						TestTargetID = 4869DD9125709DFB005DBE45;
					};
					4869DDB225709DFF005DBE45 = {
						CreatedOnToolsVersion = 12.2;
						TestTargetID = 4869DD9125709DFB005DBE45;
					};
				};
			};
			buildConfigurationList = 4869DD8D25709DFB005DBE45 /* Build configuration list for PBXProject "Let's Chat - By MXL" */;
			compatibilityVersion = "Xcode 9.3";
			developmentRegion = en;
			hasScannedForEncodings = 0;
			knownRegions = (
				en,
				Base,
			);
			mainGroup = 4869DD8925709DFB005DBE45;
			productRefGroup = 4869DD9325709DFB005DBE45 /* Products */;
			projectDirPath = "";
			projectRoot = "";
			targets = (
				4869DD9125709DFB005DBE45 /* Let's Chat - By MXL */,
				4869DDA725709DFF005DBE45 /* Let's Chat - By MXLTests */,
				4869DDB225709DFF005DBE45 /* Let's Chat - By MXLUITests */,
			);
		};
/* End PBXProject section */

/* Begin PBXResourcesBuildPhase section */
		4869DD9025709DFB005DBE45 /* Resources */ = {
			isa = PBXResourcesBuildPhase;
			buildActionMask = 2147483647;
			files = (
				4869DDA225709DFE005DBE45 /* LaunchScreen.storyboard in Resources */,
				4869DD9F25709DFE005DBE45 /* Assets.xcassets in Resources */,
				4869DD9D25709DFB005DBE45 /* Main.storyboard in Resources */,
			);
			runOnlyForDeploymentPostprocessing = 0;
		};
		4869DDA625709DFF005DBE45 /* Resources */ = {
			isa = PBXResourcesBuildPhase;
			buildActionMask = 2147483647;
			files = (
			);
			runOnlyForDeploymentPostprocessing = 0;
		};
		4869DDB125709DFF005DBE45 /* Resources */ = {
			isa = PBXResourcesBuildPhase;
			buildActionMask = 2147483647;
			files = (
			);
			runOnlyForDeploymentPostprocessing = 0;
		};
/* End PBXResourcesBuildPhase section */

/* Begin PBXSourcesBuildPhase section */
		4869DD8E25709DFB005DBE45 /* Sources */ = {
			isa = PBXSourcesBuildPhase;
			buildActionMask = 2147483647;
			files = (
				4869DD9A25709DFB005DBE45 /* ViewController.swift in Sources */,
				4869DD9625709DFB005DBE45 /* AppDelegate.swift in Sources */,
				4869DD9825709DFB005DBE45 /* SceneDelegate.swift in Sources */,
			);
			runOnlyForDeploymentPostprocessing = 0;
		};
		4869DDA425709DFF005DBE45 /* Sources */ = {
			isa = PBXSourcesBuildPhase;
			buildActionMask = 2147483647;
			files = (
				4869DDAD25709DFF005DBE45 /* Let_s_Chat___By_MXLTests.swift in Sources */,
			);
			runOnlyForDeploymentPostprocessing = 0;
		};
		4869DDAF25709DFF005DBE45 /* Sources */ = {
			isa = PBXSourcesBuildPhase;
			buildActionMask = 2147483647;
			files = (
				4869DDB825709DFF005DBE45 /* Let_s_Chat___By_MXLUITests.swift in Sources */,
			);
			runOnlyForDeploymentPostprocessing = 0;
		};
/* End PBXSourcesBuildPhase section */

/* Begin PBXTargetDependency section */
		4869DDAA25709DFF005DBE45 /* PBXTargetDependency */ = {
			isa = PBXTargetDependency;
			target = 4869DD9125709DFB005DBE45 /* Let's Chat - By MXL */;
			targetProxy = 4869DDA925709DFF005DBE45 /* PBXContainerItemProxy */;
		};
		4869DDB525709DFF005DBE45 /* PBXTargetDependency */ = {
			isa = PBXTargetDependency;
			target = 4869DD9125709DFB005DBE45 /* Let's Chat - By MXL */;
			targetProxy = 4869DDB425709DFF005DBE45 /* PBXContainerItemProxy */;
		};
/* End PBXTargetDependency section */

/* Begin PBXVariantGroup section */
		4869DD9B25709DFB005DBE45 /* Main.storyboard */ = {
			isa = PBXVariantGroup;
			children = (
				4869DD9C25709DFB005DBE45 /* Base */,
			);
			name = Main.storyboard;
			sourceTree = "<group>";
		};
		4869DDA025709DFE005DBE45 /* LaunchScreen.storyboard */ = {
			isa = PBXVariantGroup;
			children = (
				4869DDA125709DFE005DBE45 /* Base */,
			);
			name = LaunchScreen.storyboard;
			sourceTree = "<group>";
		};
/* End PBXVariantGroup section */

/* Begin XCBuildConfiguration section */
		4869DDBA25709DFF005DBE45 /* Debug */ = {
			isa = XCBuildConfiguration;
			buildSettings = {
				ALWAYS_SEARCH_USER_PATHS = NO;
				CLANG_ANALYZER_NONNULL = YES;
				CLANG_ANALYZER_NUMBER_OBJECT_CONVERSION = YES_AGGRESSIVE;
				CLANG_CXX_LANGUAGE_STANDARD = "gnu++14";
				CLANG_CXX_LIBRARY = "libc++";
				CLANG_ENABLE_MODULES = YES;
				CLANG_ENABLE_OBJC_ARC = YES;
				CLANG_ENABLE_OBJC_WEAK = YES;
				CLANG_WARN_BLOCK_CAPTURE_AUTORELEASING = YES;
				CLANG_WARN_BOOL_CONVERSION = YES;
				CLANG_WARN_COMMA = YES;
				CLANG_WARN_CONSTANT_CONVERSION = YES;
				CLANG_WARN_DEPRECATED_OBJC_IMPLEMENTATIONS = YES;
				CLANG_WARN_DIRECT_OBJC_ISA_USAGE = YES_ERROR;
				CLANG_WARN_DOCUMENTATION_COMMENTS = YES;
				CLANG_WARN_EMPTY_BODY = YES;
				CLANG_WARN_ENUM_CONVERSION = YES;
				CLANG_WARN_INFINITE_RECURSION = YES;
				CLANG_WARN_INT_CONVERSION = YES;
				CLANG_WARN_NON_LITERAL_NULL_CONVERSION = YES;
				CLANG_WARN_OBJC_IMPLICIT_RETAIN_SELF = YES;
				CLANG_WARN_OBJC_LITERAL_CONVERSION = YES;
				CLANG_WARN_OBJC_ROOT_CLASS = YES_ERROR;
				CLANG_WARN_QUOTED_INCLUDE_IN_FRAMEWORK_HEADER = YES;
				CLANG_WARN_RANGE_LOOP_ANALYSIS = YES;
				CLANG_WARN_STRICT_PROTOTYPES = YES;
				CLANG_WARN_SUSPICIOUS_MOVE = YES;
				CLANG_WARN_UNGUARDED_AVAILABILITY = YES_AGGRESSIVE;
				CLANG_WARN_UNREACHABLE_CODE = YES;
				CLANG_WARN__DUPLICATE_METHOD_MATCH = YES;
				COPY_PHASE_STRIP = NO;
				DEBUG_INFORMATION_FORMAT = dwarf;
				ENABLE_STRICT_OBJC_MSGSEND = YES;
				ENABLE_TESTABILITY = YES;
				GCC_C_LANGUAGE_STANDARD = gnu11;
				GCC_DYNAMIC_NO_PIC = NO;
				GCC_NO_COMMON_BLOCKS = YES;
				GCC_OPTIMIZATION_LEVEL = 0;
				GCC_PREPROCESSOR_DEFINITIONS = (
					"DEBUG=1",
					"$(inherited)",
				);
				GCC_WARN_64_TO_32_BIT_CONVERSION = YES;
				GCC_WARN_ABOUT_RETURN_TYPE = YES_ERROR;
				GCC_WARN_UNDECLARED_SELECTOR = YES;
				GCC_WARN_UNINITIALIZED_AUTOS = YES_AGGRESSIVE;
				GCC_WARN_UNUSED_FUNCTION = YES;
				GCC_WARN_UNUSED_VARIABLE = YES;
				IPHONEOS_DEPLOYMENT_TARGET = 14.2;
				MTL_ENABLE_DEBUG_INFO = INCLUDE_SOURCE;
				MTL_FAST_MATH = YES;
				ONLY_ACTIVE_ARCH = YES;
				SDKROOT = iphoneos;
				SWIFT_ACTIVE_COMPILATION_CONDITIONS = DEBUG;
				SWIFT_OPTIMIZATION_LEVEL = "-Onone";
			};
			name = Debug;
		};
		4869DDBB25709DFF005DBE45 /* Release */ = {
			isa = XCBuildConfiguration;
			buildSettings = {
				ALWAYS_SEARCH_USER_PATHS = NO;
				CLANG_ANALYZER_NONNULL = YES;
				CLANG_ANALYZER_NUMBER_OBJECT_CONVERSION = YES_AGGRESSIVE;
				CLANG_CXX_LANGUAGE_STANDARD = "gnu++14";
				CLANG_CXX_LIBRARY = "libc++";
				CLANG_ENABLE_MODULES = YES;
				CLANG_ENABLE_OBJC_ARC = YES;
				CLANG_ENABLE_OBJC_WEAK = YES;
				CLANG_WARN_BLOCK_CAPTURE_AUTORELEASING = YES;
				CLANG_WARN_BOOL_CONVERSION = YES;
				CLANG_WARN_COMMA = YES;
				CLANG_WARN_CONSTANT_CONVERSION = YES;
				CLANG_WARN_DEPRECATED_OBJC_IMPLEMENTATIONS = YES;
				CLANG_WARN_DIRECT_OBJC_ISA_USAGE = YES_ERROR;
				CLANG_WARN_DOCUMENTATION_COMMENTS = YES;
				CLANG_WARN_EMPTY_BODY = YES;
				CLANG_WARN_ENUM_CONVERSION = YES;
				CLANG_WARN_INFINITE_RECURSION = YES;
				CLANG_WARN_INT_CONVERSION = YES;
				CLANG_WARN_NON_LITERAL_NULL_CONVERSION = YES;
				CLANG_WARN_OBJC_IMPLICIT_RETAIN_SELF = YES;
				CLANG_WARN_OBJC_LITERAL_CONVERSION = YES;
				CLANG_WARN_OBJC_ROOT_CLASS = YES_ERROR;
				CLANG_WARN_QUOTED_INCLUDE_IN_FRAMEWORK_HEADER = YES;
				CLANG_WARN_RANGE_LOOP_ANALYSIS = YES;
				CLANG_WARN_STRICT_PROTOTYPES = YES;
				CLANG_WARN_SUSPICIOUS_MOVE = YES;
				CLANG_WARN_UNGUARDED_AVAILABILITY = YES_AGGRESSIVE;
				CLANG_WARN_UNREACHABLE_CODE = YES;
				CLANG_WARN__DUPLICATE_METHOD_MATCH = YES;
				COPY_PHASE_STRIP = NO;
				DEBUG_INFORMATION_FORMAT = "dwarf-with-dsym";
				ENABLE_NS_ASSERTIONS = NO;
				ENABLE_STRICT_OBJC_MSGSEND = YES;
				GCC_C_LANGUAGE_STANDARD = gnu11;
				GCC_NO_COMMON_BLOCKS = YES;
				GCC_WARN_64_TO_32_BIT_CONVERSION = YES;
				GCC_WARN_ABOUT_RETURN_TYPE = YES_ERROR;
				GCC_WARN_UNDECLARED_SELECTOR = YES;
				GCC_WARN_UNINITIALIZED_AUTOS = YES_AGGRESSIVE;
				GCC_WARN_UNUSED_FUNCTION = YES;
				GCC_WARN_UNUSED_VARIABLE = YES;
				IPHONEOS_DEPLOYMENT_TARGET = 14.2;
				MTL_ENABLE_DEBUG_INFO = NO;
				MTL_FAST_MATH = YES;
				SDKROOT = iphoneos;
				SWIFT_COMPILATION_MODE = wholemodule;
				SWIFT_OPTIMIZATION_LEVEL = "-O";
				VALIDATE_PRODUCT = YES;
			};
			name = Release;
		};
		4869DDBD25709DFF005DBE45 /* Debug */ = {
			isa = XCBuildConfiguration;
			buildSettings = {
				ASSETCATALOG_COMPILER_APPICON_NAME = AppIcon;
				ASSETCATALOG_COMPILER_GLOBAL_ACCENT_COLOR_NAME = AccentColor;
				CODE_SIGN_STYLE = Automatic;
				DEVELOPMENT_TEAM = 2FN25VD7TR;
				INFOPLIST_FILE = "Let's Chat - By MXL/Info.plist";
				LD_RUNPATH_SEARCH_PATHS = (
					"$(inherited)",
					"@executable_path/Frameworks",
				);
				PRODUCT_BUNDLE_IDENTIFIER = "maixuanlinh.com.Let-s-Chat---By-MXL";
				PRODUCT_NAME = "$(TARGET_NAME)";
				SWIFT_VERSION = 5.0;
				TARGETED_DEVICE_FAMILY = "1,2";
			};
			name = Debug;
		};
		4869DDBE25709DFF005DBE45 /* Release */ = {
			isa = XCBuildConfiguration;
			buildSettings = {
				ASSETCATALOG_COMPILER_APPICON_NAME = AppIcon;
				ASSETCATALOG_COMPILER_GLOBAL_ACCENT_COLOR_NAME = AccentColor;
				CODE_SIGN_STYLE = Automatic;
				DEVELOPMENT_TEAM = 2FN25VD7TR;
				INFOPLIST_FILE = "Let's Chat - By MXL/Info.plist";
				LD_RUNPATH_SEARCH_PATHS = (
					"$(inherited)",
					"@executable_path/Frameworks",
				);
				PRODUCT_BUNDLE_IDENTIFIER = "maixuanlinh.com.Let-s-Chat---By-MXL";
				PRODUCT_NAME = "$(TARGET_NAME)";
				SWIFT_VERSION = 5.0;
				TARGETED_DEVICE_FAMILY = "1,2";
			};
			name = Release;
		};
		4869DDC025709DFF005DBE45 /* Debug */ = {
			isa = XCBuildConfiguration;
			buildSettings = {
				ALWAYS_EMBED_SWIFT_STANDARD_LIBRARIES = YES;
				BUNDLE_LOADER = "$(TEST_HOST)";
				CODE_SIGN_STYLE = Automatic;
				DEVELOPMENT_TEAM = 2FN25VD7TR;
				INFOPLIST_FILE = "Let's Chat - By MXLTests/Info.plist";
				IPHONEOS_DEPLOYMENT_TARGET = 14.2;
				LD_RUNPATH_SEARCH_PATHS = (
					"$(inherited)",
					"@executable_path/Frameworks",
					"@loader_path/Frameworks",
				);
				PRODUCT_BUNDLE_IDENTIFIER = "maixuanlinh.com.Let-s-Chat---By-MXLTests";
				PRODUCT_NAME = "$(TARGET_NAME)";
				SWIFT_VERSION = 5.0;
				TARGETED_DEVICE_FAMILY = "1,2";
				TEST_HOST = "$(BUILT_PRODUCTS_DIR)/Let's Chat - By MXL.app/Let's Chat - By MXL";
			};
			name = Debug;
		};
		4869DDC125709DFF005DBE45 /* Release */ = {
			isa = XCBuildConfiguration;
			buildSettings = {
				ALWAYS_EMBED_SWIFT_STANDARD_LIBRARIES = YES;
				BUNDLE_LOADER = "$(TEST_HOST)";
				CODE_SIGN_STYLE = Automatic;
				DEVELOPMENT_TEAM = 2FN25VD7TR;
				INFOPLIST_FILE = "Let's Chat - By MXLTests/Info.plist";
				IPHONEOS_DEPLOYMENT_TARGET = 14.2;
				LD_RUNPATH_SEARCH_PATHS = (
					"$(inherited)",
					"@executable_path/Frameworks",
					"@loader_path/Frameworks",
				);
				PRODUCT_BUNDLE_IDENTIFIER = "maixuanlinh.com.Let-s-Chat---By-MXLTests";
				PRODUCT_NAME = "$(TARGET_NAME)";
				SWIFT_VERSION = 5.0;
				TARGETED_DEVICE_FAMILY = "1,2";
				TEST_HOST = "$(BUILT_PRODUCTS_DIR)/Let's Chat - By MXL.app/Let's Chat - By MXL";
			};
			name = Release;
		};
		4869DDC325709DFF005DBE45 /* Debug */ = {
			isa = XCBuildConfiguration;
			buildSettings = {
				ALWAYS_EMBED_SWIFT_STANDARD_LIBRARIES = YES;
				CODE_SIGN_STYLE = Automatic;
				DEVELOPMENT_TEAM = 2FN25VD7TR;
				INFOPLIST_FILE = "Let's Chat - By MXLUITests/Info.plist";
				LD_RUNPATH_SEARCH_PATHS = (
					"$(inherited)",
					"@executable_path/Frameworks",
					"@loader_path/Frameworks",
				);
				PRODUCT_BUNDLE_IDENTIFIER = "maixuanlinh.com.Let-s-Chat---By-MXLUITests";
				PRODUCT_NAME = "$(TARGET_NAME)";
				SWIFT_VERSION = 5.0;
				TARGETED_DEVICE_FAMILY = "1,2";
				TEST_TARGET_NAME = "Let's Chat - By MXL";
			};
			name = Debug;
		};
		4869DDC425709DFF005DBE45 /* Release */ = {
			isa = XCBuildConfiguration;
			buildSettings = {
				ALWAYS_EMBED_SWIFT_STANDARD_LIBRARIES = YES;
				CODE_SIGN_STYLE = Automatic;
				DEVELOPMENT_TEAM = 2FN25VD7TR;
				INFOPLIST_FILE = "Let's Chat - By MXLUITests/Info.plist";
				LD_RUNPATH_SEARCH_PATHS = (
					"$(inherited)",
					"@executable_path/Frameworks",
					"@loader_path/Frameworks",
				);
				PRODUCT_BUNDLE_IDENTIFIER = "maixuanlinh.com.Let-s-Chat---By-MXLUITests";
				PRODUCT_NAME = "$(TARGET_NAME)";
				SWIFT_VERSION = 5.0;
				TARGETED_DEVICE_FAMILY = "1,2";
				TEST_TARGET_NAME = "Let's Chat - By MXL";
			};
			name = Release;
		};
/* End XCBuildConfiguration section */

/* Begin XCConfigurationList section */
		4869DD8D25709DFB005DBE45 /* Build configuration list for PBXProject "Let's Chat - By MXL" */ = {
			isa = XCConfigurationList;
			buildConfigurations = (
				4869DDBA25709DFF005DBE45 /* Debug */,
				4869DDBB25709DFF005DBE45 /* Release */,
			);
			defaultConfigurationIsVisible = 0;
			defaultConfigurationName = Release;
		};
		4869DDBC25709DFF005DBE45 /* Build configuration list for PBXNativeTarget "Let's Chat - By MXL" */ = {
			isa = XCConfigurationList;
			buildConfigurations = (
				4869DDBD25709DFF005DBE45 /* Debug */,
				4869DDBE25709DFF005DBE45 /* Release */,
			);
			defaultConfigurationIsVisible = 0;
			defaultConfigurationName = Release;
		};
		4869DDBF25709DFF005DBE45 /* Build configuration list for PBXNativeTarget "Let's Chat - By MXLTests" */ = {
			isa = XCConfigurationList;
			buildConfigurations = (
				4869DDC025709DFF005DBE45 /* Debug */,
				4869DDC125709DFF005DBE45 /* Release */,
			);
			defaultConfigurationIsVisible = 0;
			defaultConfigurationName = Release;
		};
		4869DDC225709DFF005DBE45 /* Build configuration list for PBXNativeTarget "Let's Chat - By MXLUITests" */ = {
			isa = XCConfigurationList;
			buildConfigurations = (
				4869DDC325709DFF005DBE45 /* Debug */,
				4869DDC425709DFF005DBE45 /* Release */,
			);
			defaultConfigurationIsVisible = 0;
			defaultConfigurationName = Release;
		};
/* End XCConfigurationList section */
	};
	rootObject = 4869DD8A25709DFB005DBE45 /* Project object */;
}
